
Microsoft Visual Studio Solution File, Format Version 12.00
# Visual Studio Version 17
VisualStudioVersion = 17.5.33627.172
MinimumVisualStudioVersion = 10.0.40219.1
Project("{FAE04EC0-301F-11D3-BF4B-00C04F79EFBC}") = "StoreApp_API", "StoreApp_API\StoreApp_API.csproj", "{34F20109-5C8F-4F91-9A71-17DD84D67E8C}"
EndProject
Global
	GlobalSection(SolutionConfigurationPlatforms) = preSolution
		Debug|Any CPU = Debug|Any CPU
		Release|Any CPU = Release|Any CPU
	EndGlobalSection
	GlobalSection(ProjectConfigurationPlatforms) = postSolution
		{34F20109-5C8F-4F91-9A71-17DD84D67E8C}.Debug|Any CPU.ActiveCfg = Debug|Any CPU
		{34F20109-5C8F-4F91-9A71-17DD84D67E8C}.Debug|Any CPU.Build.0 = Debug|Any CPU
		{34F20109-5C8F-4F91-9A71-17DD84D67E8C}.Release|Any CPU.ActiveCfg = Release|Any CPU
		{34F20109-5C8F-4F91-9A71-17DD84D67E8C}.Release|Any CPU.Build.0 = Release|Any CPU
	EndGlobalSection
	GlobalSection(SolutionProperties) = preSolution
		HideSolutionNode = FALSE
	EndGlobalSection
	GlobalSection(ExtensibilityGlobals) = postSolution
		SolutionGuid = {6A936453-636F-4477-A379-64A151542F5E}
	EndGlobalSection
EndGlobal
